
Microsoft Visual Studio Solution File, Format Version 12.00
# Visual Studio Version 17
VisualStudioVersion = 17.0.31903.59
MinimumVisualStudioVersion = 10.0.40219.1
Project("{2150E333-8FDC-42A3-9474-1A3956D46DE8}") = "src", "src", "{A5FA3658-89F8-470C-84DB-1445CF7233AE}"
EndProject
Project("{FAE04EC0-301F-11D3-BF4B-00C04F79EFBC}") = "Complex.ConsoleApp", "src\Complex.ConsoleApp\Complex.ConsoleApp.csproj", "{BA613C8A-2FAC-4B2B-A368-A02EB0AC095C}"
EndProject
Project("{2150E333-8FDC-42A3-9474-1A3956D46DE8}") = "tests", "tests", "{9282AE2A-FA35-4B96-B5BE-19853E22C21C}"
EndProject
Project("{FAE04EC0-301F-11D3-BF4B-00C04F79EFBC}") = "Complex.ConsoleApp.Tests", "tests\Complex.ConsoleApp.Tests\Complex.ConsoleApp.Tests.csproj", "{4B1E9429-E20C-424C-BC79-F2816D28DD7E}"
EndProject
Global
	GlobalSection(SolutionProperties) = preSolution
		HideSolutionNode = FALSE
	EndGlobalSection
	GlobalSection(SolutionConfigurationPlatforms) = preSolution
		Debug|Any CPU = Debug|Any CPU
		Debug|x64 = Debug|x64
		Debug|x86 = Debug|x86
		Release|Any CPU = Release|Any CPU
		Release|x64 = Release|x64
		Release|x86 = Release|x86
	EndGlobalSection
	GlobalSection(ProjectConfigurationPlatforms) = postSolution
		{BA613C8A-2FAC-4B2B-A368-A02EB0AC095C}.Debug|Any CPU.ActiveCfg = Debug|Any CPU
		{BA613C8A-2FAC-4B2B-A368-A02EB0AC095C}.Debug|Any CPU.Build.0 = Debug|Any CPU
		{BA613C8A-2FAC-4B2B-A368-A02EB0AC095C}.Debug|x64.ActiveCfg = Debug|Any CPU
		{BA613C8A-2FAC-4B2B-A368-A02EB0AC095C}.Debug|x64.Build.0 = Debug|Any CPU
		{BA613C8A-2FAC-4B2B-A368-A02EB0AC095C}.Debug|x86.ActiveCfg = Debug|Any CPU
		{BA613C8A-2FAC-4B2B-A368-A02EB0AC095C}.Debug|x86.Build.0 = Debug|Any CPU
		{BA613C8A-2FAC-4B2B-A368-A02EB0AC095C}.Release|Any CPU.ActiveCfg = Release|Any CPU
		{BA613C8A-2FAC-4B2B-A368-A02EB0AC095C}.Release|Any CPU.Build.0 = Release|Any CPU
		{BA613C8A-2FAC-4B2B-A368-A02EB0AC095C}.Release|x64.ActiveCfg = Release|Any CPU
		{BA613C8A-2FAC-4B2B-A368-A02EB0AC095C}.Release|x64.Build.0 = Release|Any CPU
		{BA613C8A-2FAC-4B2B-A368-A02EB0AC095C}.Release|x86.ActiveCfg = Release|Any CPU
		{BA613C8A-2FAC-4B2B-A368-A02EB0AC095C}.Release|x86.Build.0 = Release|Any CPU
		{4B1E9429-E20C-424C-BC79-F2816D28DD7E}.Debug|Any CPU.ActiveCfg = Debug|Any CPU
		{4B1E9429-E20C-424C-BC79-F2816D28DD7E}.Debug|Any CPU.Build.0 = Debug|Any CPU
		{4B1E9429-E20C-424C-BC79-F2816D28DD7E}.Debug|x64.ActiveCfg = Debug|Any CPU
		{4B1E9429-E20C-424C-BC79-F2816D28DD7E}.Debug|x64.Build.0 = Debug|Any CPU
		{4B1E9429-E20C-424C-BC79-F2816D28DD7E}.Debug|x86.ActiveCfg = Debug|Any CPU
		{4B1E9429-E20C-424C-BC79-F2816D28DD7E}.Debug|x86.Build.0 = Debug|Any CPU
		{4B1E9429-E20C-424C-BC79-F2816D28DD7E}.Release|Any CPU.ActiveCfg = Release|Any CPU
		{4B1E9429-E20C-424C-BC79-F2816D28DD7E}.Release|Any CPU.Build.0 = Release|Any CPU
		{4B1E9429-E20C-424C-BC79-F2816D28DD7E}.Release|x64.ActiveCfg = Release|Any CPU
		{4B1E9429-E20C-424C-BC79-F2816D28DD7E}.Release|x64.Build.0 = Release|Any CPU
		{4B1E9429-E20C-424C-BC79-F2816D28DD7E}.Release|x86.ActiveCfg = Release|Any CPU
		{4B1E9429-E20C-424C-BC79-F2816D28DD7E}.Release|x86.Build.0 = Release|Any CPU
	EndGlobalSection
	GlobalSection(NestedProjects) = preSolution
		{BA613C8A-2FAC-4B2B-A368-A02EB0AC095C} = {A5FA3658-89F8-470C-84DB-1445CF7233AE}
		{4B1E9429-E20C-424C-BC79-F2816D28DD7E} = {9282AE2A-FA35-4B96-B5BE-19853E22C21C}
	EndGlobalSection
EndGlobal
